
Microsoft Visual Studio Solution File, Format Version 12.00
# Visual Studio Version 17
VisualStudioVersion = 17.3.32901.215
MinimumVisualStudioVersion = 10.0.40219.1
Project("{FAE04EC0-301F-11D3-BF4B-00C04F79EFBC}") = "c-sharp-bookflix", "c-sharp-bookflix.csproj", "{5A9E3D05-481C-474B-957A-704330D29E77}"
EndProject
Global
	GlobalSection(SolutionConfigurationPlatforms) = preSolution
		Debug|Any CPU = Debug|Any CPU
		Release|Any CPU = Release|Any CPU
	EndGlobalSection
	GlobalSection(ProjectConfigurationPlatforms) = postSolution
		{5A9E3D05-481C-474B-957A-704330D29E77}.Debug|Any CPU.ActiveCfg = Debug|Any CPU
		{5A9E3D05-481C-474B-957A-704330D29E77}.Debug|Any CPU.Build.0 = Debug|Any CPU
		{5A9E3D05-481C-474B-957A-704330D29E77}.Release|Any CPU.ActiveCfg = Release|Any CPU
		{5A9E3D05-481C-474B-957A-704330D29E77}.Release|Any CPU.Build.0 = Release|Any CPU
	EndGlobalSection
	GlobalSection(SolutionProperties) = preSolution
		HideSolutionNode = FALSE
	EndGlobalSection
	GlobalSection(ExtensibilityGlobals) = postSolution
		SolutionGuid = {B5D2923D-406A-4608-B0B1-E24DEAC86823}
	EndGlobalSection
EndGlobal
